Microsoft Visual Studio Solution File, Format Version 8.00
Project("{54435603-DBB4-11D2-8724-00A0C9A8B90C}") = "Install", "Install.vdproj", "{78AC4495-2B28-46B3-ACDD-B50C3537F45F}"
	ProjectSection(ProjectDependencies) = postProject
	EndProjectSection
EndProject
Global
	GlobalSection(SolutionConfiguration) = preSolution
		Debug = Debug
		Release = Release
	EndGlobalSection
	GlobalSection(ProjectConfiguration) = postSolution
		{78AC4495-2B28-46B3-ACDD-B50C3537F45F}.Debug.ActiveCfg = Debug
		{78AC4495-2B28-46B3-ACDD-B50C3537F45F}.Debug.Build.0 = Debug
		{78AC4495-2B28-46B3-ACDD-B50C3537F45F}.Release.ActiveCfg = Release
		{78AC4495-2B28-46B3-ACDD-B50C3537F45F}.Release.Build.0 = Release
	EndGlobalSection
	GlobalSection(ExtensibilityGlobals) = postSolution
	EndGlobalSection
	GlobalSection(ExtensibilityAddIns) = postSolution
	EndGlobalSection
EndGlobal
